{
  "name": "be-vintaged",
  "version": "0.0.0",
  "lockfileVersion": 2,
  "requires": true,
  "packages": {
    "": {
      "name": "be-vintaged",
      "version": "0.0.0",
      "license": "MIT",
      "dependencies": {
        "be-decorated": "0.0.110",
        "be-hive": "0.0.43"
      }
    },
    "node_modules/be-decorated": {
      "version": "0.0.110",
      "resolved": "https://registry.npmjs.org/be-decorated/-/be-decorated-0.0.110.tgz",
      "integrity": "sha512-/P3hz+jOzGiU2jOMdpH0hfS9pvGgqDAK4ybw5BgqJfZdOc+ZsN220TWnsPyUE91DkAIj0YPzeUwAVK4Oe3qhqA==",
      "dependencies": {
        "trans-render": "0.0.528",
        "xtal-element": "0.0.491"
      }
    },
    "node_modules/be-hive": {
      "version": "0.0.43",
      "resolved": "https://registry.npmjs.org/be-hive/-/be-hive-0.0.43.tgz",
      "integrity": "sha512-j+wkk2QDvt7Xmt2bmvZEVaKZRknVis6mzY+DZ7isv5xY5VbpWsFqh1fIaJw3AqRMpI6e9a7DdOqoJsFOK0KgYg==",
      "dependencies": {
        "xtal-element": "0.0.491"
      }
    },
    "node_modules/trans-render": {
      "version": "0.0.528",
      "resolved": "https://registry.npmjs.org/trans-render/-/trans-render-0.0.528.tgz",
      "integrity": "sha512-o/0+Av83pH2V1yXipm2s9hLs7xrdiJ6Z6BoIUBEi5TEPKBMgNHmFlch496uhc/07Vw6Tnqmj/D7+1Xj2K+NEaQ=="
    },
    "node_modules/xtal-element": {
      "version": "0.0.491",
      "resolved": "https://registry.npmjs.org/xtal-element/-/xtal-element-0.0.491.tgz",
      "integrity": "sha512-bGtTRwBRJHJO1eQ7qs0993ljMJ0r3NoIN5iTYtoXKwp5V8hyTiIp69BtLcLvT3NljRd4c9mJADEMOVAY//0EEw==",
      "dependencies": {
        "trans-render": "0.0.528"
      }
    }
  },
  "dependencies": {
    "be-decorated": {
      "version": "0.0.110",
      "resolved": "https://registry.npmjs.org/be-decorated/-/be-decorated-0.0.110.tgz",
      "integrity": "sha512-/P3hz+jOzGiU2jOMdpH0hfS9pvGgqDAK4ybw5BgqJfZdOc+ZsN220TWnsPyUE91DkAIj0YPzeUwAVK4Oe3qhqA==",
      "requires": {
        "trans-render": "0.0.528",
        "xtal-element": "0.0.491"
      }
    },
    "be-hive": {
      "version": "0.0.43",
      "resolved": "https://registry.npmjs.org/be-hive/-/be-hive-0.0.43.tgz",
      "integrity": "sha512-j+wkk2QDvt7Xmt2bmvZEVaKZRknVis6mzY+DZ7isv5xY5VbpWsFqh1fIaJw3AqRMpI6e9a7DdOqoJsFOK0KgYg==",
      "requires": {
        "xtal-element": "0.0.491"
      }
    },
    "trans-render": {
      "version": "0.0.528",
      "resolved": "https://registry.npmjs.org/trans-render/-/trans-render-0.0.528.tgz",
      "integrity": "sha512-o/0+Av83pH2V1yXipm2s9hLs7xrdiJ6Z6BoIUBEi5TEPKBMgNHmFlch496uhc/07Vw6Tnqmj/D7+1Xj2K+NEaQ=="
    },
    "xtal-element": {
      "version": "0.0.491",
      "resolved": "https://registry.npmjs.org/xtal-element/-/xtal-element-0.0.491.tgz",
      "integrity": "sha512-bGtTRwBRJHJO1eQ7qs0993ljMJ0r3NoIN5iTYtoXKwp5V8hyTiIp69BtLcLvT3NljRd4c9mJADEMOVAY//0EEw==",
      "requires": {
        "trans-render": "0.0.528"
      }
    }
  }
}
